
Microsoft Visual Studio Solution File, Format Version 12.00
# Visual Studio Version 16
VisualStudioVersion = 16.0.29209.152
MinimumVisualStudioVersion = 10.0.40219.1
Project("{9A19103F-16F7-4668-BE54-9A1E7A4F7556}") = "HubPage_Automation", "HubPage_Automation\HubPage_Automation.csproj", "{5B904472-61AC-4AA8-A843-03E96BF86C64}"
EndProject
Project("{FAE04EC0-301F-11D3-BF4B-00C04F79EFBC}") = "ConsoleApp1", "ConsoleApp1\ConsoleApp1.csproj", "{782D0FD9-9A8B-4AFF-82AB-8B145650CAB3}"
EndProject
Global
	GlobalSection(SolutionConfigurationPlatforms) = preSolution
		Debug|Any CPU = Debug|Any CPU
		Release|Any CPU = Release|Any CPU
	EndGlobalSection
	GlobalSection(ProjectConfigurationPlatforms) = postSolution
		{5B904472-61AC-4AA8-A843-03E96BF86C64}.Debug|Any CPU.ActiveCfg = Debug|Any CPU
		{5B904472-61AC-4AA8-A843-03E96BF86C64}.Debug|Any CPU.Build.0 = Debug|Any CPU
		{5B904472-61AC-4AA8-A843-03E96BF86C64}.Release|Any CPU.ActiveCfg = Release|Any CPU
		{5B904472-61AC-4AA8-A843-03E96BF86C64}.Release|Any CPU.Build.0 = Release|Any CPU
		{782D0FD9-9A8B-4AFF-82AB-8B145650CAB3}.Debug|Any CPU.ActiveCfg = Debug|Any CPU
		{782D0FD9-9A8B-4AFF-82AB-8B145650CAB3}.Debug|Any CPU.Build.0 = Debug|Any CPU
		{782D0FD9-9A8B-4AFF-82AB-8B145650CAB3}.Release|Any CPU.ActiveCfg = Release|Any CPU
		{782D0FD9-9A8B-4AFF-82AB-8B145650CAB3}.Release|Any CPU.Build.0 = Release|Any CPU
	EndGlobalSection
	GlobalSection(SolutionProperties) = preSolution
		HideSolutionNode = FALSE
	EndGlobalSection
	GlobalSection(ExtensibilityGlobals) = postSolution
		SolutionGuid = {1B4E2143-5806-498C-A520-F0192FEB65C3}
	EndGlobalSection
EndGlobal
